// !$*UTF8*$!
{
	archiveVersion = 1;
	classes = {
	};
	objectVersion = 46;
	objects = {

/* Begin PBXBuildFile section */
		EC106B221CF3D806001F59D6 /* AppDelegate.swift in Sources */ = {isa = PBXBuildFile; fileRef = EC106B211CF3D806001F59D6 /* AppDelegate.swift */; };
		EC106B241CF3D806001F59D6 /* GPXViewController.swift in Sources */ = {isa = PBXBuildFile; fileRef = EC106B231CF3D806001F59D6 /* GPXViewController.swift */; };
		EC106B271CF3D806001F59D6 /* Main.storyboard in Resources */ = {isa = PBXBuildFile; fileRef = EC106B251CF3D806001F59D6 /* Main.storyboard */; };
		EC106B291CF3D806001F59D6 /* Assets.xcassets in Resources */ = {isa = PBXBuildFile; fileRef = EC106B281CF3D806001F59D6 /* Assets.xcassets */; };
		EC106B2C1CF3D806001F59D6 /* LaunchScreen.storyboard in Resources */ = {isa = PBXBuildFile; fileRef = EC106B2A1CF3D806001F59D6 /* LaunchScreen.storyboard */; };
		EC106B351CF3D933001F59D6 /* GPX.swift in Sources */ = {isa = PBXBuildFile; fileRef = EC106B341CF3D933001F59D6 /* GPX.swift */; };
		EC106B371CF3DA46001F59D6 /* MKGPX.swift in Sources */ = {isa = PBXBuildFile; fileRef = EC106B361CF3DA46001F59D6 /* MKGPX.swift */; };
		EC30AB371CF66DB800394C33 /* ImageViewController.swift in Sources */ = {isa = PBXBuildFile; fileRef = EC30AB361CF66DB800394C33 /* ImageViewController.swift */; };
		EC30AB391CF671F700394C33 /* EditWaypointViewController.swift in Sources */ = {isa = PBXBuildFile; fileRef = EC30AB381CF671F700394C33 /* EditWaypointViewController.swift */; };
/* End PBXBuildFile section */

/* Begin PBXFileReference section */
		EC106B1E1CF3D806001F59D6 /* Trax.app */ = {isa = PBXFileReference; explicitFileType = wrapper.application; includeInIndex = 0; path = Trax.app; sourceTree = BUILT_PRODUCTS_DIR; };
		EC106B211CF3D806001F59D6 /* AppDelegate.swift */ = {isa = PBXFileReference; lastKnownFileType = sourcecode.swift; path = AppDelegate.swift; sourceTree = "<group>"; };
		EC106B231CF3D806001F59D6 /* GPXViewController.swift */ = {isa = PBXFileReference; lastKnownFileType = sourcecode.swift; path = GPXViewController.swift; sourceTree = "<group>"; };
		EC106B261CF3D806001F59D6 /* Base */ = {isa = PBXFileReference; lastKnownFileType = file.storyboard; name = Base; path = Base.lproj/Main.storyboard; sourceTree = "<group>"; };
		EC106B281CF3D806001F59D6 /* Assets.xcassets */ = {isa = PBXFileReference; lastKnownFileType = folder.assetcatalog; path = Assets.xcassets; sourceTree = "<group>"; };
		EC106B2B1CF3D806001F59D6 /* Base */ = {isa = PBXFileReference; lastKnownFileType = file.storyboard; name = Base; path = Base.lproj/LaunchScreen.storyboard; sourceTree = "<group>"; };
		EC106B2D1CF3D806001F59D6 /* Info.plist */ = {isa = PBXFileReference; lastKnownFileType = text.plist.xml; path = Info.plist; sourceTree = "<group>"; };
		EC106B341CF3D933001F59D6 /* GPX.swift */ = {isa = PBXFileReference; fileEncoding = 4; lastKnownFileType = sourcecode.swift; path = GPX.swift; sourceTree = "<group>"; };
		EC106B361CF3DA46001F59D6 /* MKGPX.swift */ = {isa = PBXFileReference; fileEncoding = 4; lastKnownFileType = sourcecode.swift; path = MKGPX.swift; sourceTree = "<group>"; };
		EC30AB361CF66DB800394C33 /* ImageViewController.swift */ = {isa = PBXFileReference; fileEncoding = 4; lastKnownFileType = sourcecode.swift; path = ImageViewController.swift; sourceTree = "<group>"; };
		EC30AB381CF671F700394C33 /* EditWaypointViewController.swift */ = {isa = PBXFileReference; fileEncoding = 4; lastKnownFileType = sourcecode.swift; path = EditWaypointViewController.swift; sourceTree = "<group>"; };
/* End PBXFileReference section */

/* Begin PBXFrameworksBuildPhase section */
		EC106B1B1CF3D806001F59D6 /* Frameworks */ = {
			isa = PBXFrameworksBuildPhase;
			buildActionMask = 2147483647;
			files = (
			);
			runOnlyForDeploymentPostprocessing = 0;
		};
/* End PBXFrameworksBuildPhase section */

/* Begin PBXGroup section */
		EC106B151CF3D806001F59D6 = {
			isa = PBXGroup;
			children = (
				EC106B201CF3D806001F59D6 /* Trax */,
				EC106B1F1CF3D806001F59D6 /* Products */,
			);
			sourceTree = "<group>";
		};
		EC106B1F1CF3D806001F59D6 /* Products */ = {
			isa = PBXGroup;
			children = (
				EC106B1E1CF3D806001F59D6 /* Trax.app */,
			);
			name = Products;
			sourceTree = "<group>";
		};
		EC106B201CF3D806001F59D6 /* Trax */ = {
			isa = PBXGroup;
			children = (
				EC106B251CF3D806001F59D6 /* Main.storyboard */,
				EC106B231CF3D806001F59D6 /* GPXViewController.swift */,
				EC30AB381CF671F700394C33 /* EditWaypointViewController.swift */,
				EC106B361CF3DA46001F59D6 /* MKGPX.swift */,
				EC106B341CF3D933001F59D6 /* GPX.swift */,
				EC30AB361CF66DB800394C33 /* ImageViewController.swift */,
				EC106B331CF3D812001F59D6 /* Supporting Files */,
			);
			path = Trax;
			sourceTree = "<group>";
		};
		EC106B331CF3D812001F59D6 /* Supporting Files */ = {
			isa = PBXGroup;
			children = (
				EC106B211CF3D806001F59D6 /* AppDelegate.swift */,
				EC106B281CF3D806001F59D6 /* Assets.xcassets */,
				EC106B2A1CF3D806001F59D6 /* LaunchScreen.storyboard */,
				EC106B2D1CF3D806001F59D6 /* Info.plist */,
			);
			name = "Supporting Files";
			sourceTree = "<group>";
		};
/* End PBXGroup section */

/* Begin PBXNativeTarget section */
		EC106B1D1CF3D806001F59D6 /* Trax */ = {
			isa = PBXNativeTarget;
			buildConfigurationList = EC106B301CF3D806001F59D6 /* Build configuration list for PBXNativeTarget "Trax" */;
			buildPhases = (
				EC106B1A1CF3D806001F59D6 /* Sources */,
				EC106B1B1CF3D806001F59D6 /* Frameworks */,
				EC106B1C1CF3D806001F59D6 /* Resources */,
			);
			buildRules = (
			);
			dependencies = (
			);
			name = Trax;
			productName = Trax;
			productReference = EC106B1E1CF3D806001F59D6 /* Trax.app */;
			productType = "com.apple.product-type.application";
		};
/* End PBXNativeTarget section */

/* Begin PBXProject section */
		EC106B161CF3D806001F59D6 /* Project object */ = {
			isa = PBXProject;
			attributes = {
				LastSwiftUpdateCheck = 0730;
				LastUpgradeCheck = 0730;
				ORGANIZATIONNAME = "Stanford University";
				TargetAttributes = {
					EC106B1D1CF3D806001F59D6 = {
						CreatedOnToolsVersion = 7.3.1;
					};
				};
			};
			buildConfigurationList = EC106B191CF3D806001F59D6 /* Build configuration list for PBXProject "Trax" */;
			compatibilityVersion = "Xcode 3.2";
			developmentRegion = English;
			hasScannedForEncodings = 0;
			knownRegions = (
				en,
				Base,
			);
			mainGroup = EC106B151CF3D806001F59D6;
			productRefGroup = EC106B1F1CF3D806001F59D6 /* Products */;
			projectDirPath = "";
			projectRoot = "";
			targets = (
				EC106B1D1CF3D806001F59D6 /* Trax */,
			);
		};
/* End PBXProject section */

/* Begin PBXResourcesBuildPhase section */
		EC106B1C1CF3D806001F59D6 /* Resources */ = {
			isa = PBXResourcesBuildPhase;
			buildActionMask = 2147483647;
			files = (
				EC106B2C1CF3D806001F59D6 /* LaunchScreen.storyboard in Resources */,
				EC106B291CF3D806001F59D6 /* Assets.xcassets in Resources */,
				EC106B271CF3D806001F59D6 /* Main.storyboard in Resources */,
			);
			runOnlyForDeploymentPostprocessing = 0;
		};
/* End PBXResourcesBuildPhase section */

/* Begin PBXSourcesBuildPhase section */
		EC106B1A1CF3D806001F59D6 /* Sources */ = {
			isa = PBXSourcesBuildPhase;
			buildActionMask = 2147483647;
			files = (
				EC106B241CF3D806001F59D6 /* GPXViewController.swift in Sources */,
				EC106B371CF3DA46001F59D6 /* MKGPX.swift in Sources */,
				EC30AB391CF671F700394C33 /* EditWaypointViewController.swift in Sources */,
				EC30AB371CF66DB800394C33 /* ImageViewController.swift in Sources */,
				EC106B221CF3D806001F59D6 /* AppDelegate.swift in Sources */,
				EC106B351CF3D933001F59D6 /* GPX.swift in Sources */,
			);
			runOnlyForDeploymentPostprocessing = 0;
		};
/* End PBXSourcesBuildPhase section */

/* Begin PBXVariantGroup section */
		EC106B251CF3D806001F59D6 /* Main.storyboard */ = {
			isa = PBXVariantGroup;
			children = (
				EC106B261CF3D806001F59D6 /* Base */,
			);
			name = Main.storyboard;
			sourceTree = "<group>";
		};
		EC106B2A1CF3D806001F59D6 /* LaunchScreen.storyboard */ = {
			isa = PBXVariantGroup;
			children = (
				EC106B2B1CF3D806001F59D6 /* Base */,
			);
			name = LaunchScreen.storyboard;
			sourceTree = "<group>";
		};
/* End PBXVariantGroup section */

/* Begin XCBuildConfiguration section */
		EC106B2E1CF3D806001F59D6 /* Debug */ = {
			isa = XCBuildConfiguration;
			buildSettings = {
				ALWAYS_SEARCH_USER_PATHS = NO;
				CLANG_ANALYZER_NONNULL = YES;
				CLANG_CXX_LANGUAGE_STANDARD = "gnu++0x";
				CLANG_CXX_LIBRARY = "libc++";
				CLANG_ENABLE_MODULES = YES;
				CLANG_ENABLE_OBJC_ARC = YES;
				CLANG_WARN_BOOL_CONVERSION = YES;
				CLANG_WARN_CONSTANT_CONVERSION = YES;
				CLANG_WARN_DIRECT_OBJC_ISA_USAGE = YES_ERROR;
				CLANG_WARN_EMPTY_BODY = YES;
				CLANG_WARN_ENUM_CONVERSION = YES;
				CLANG_WARN_INT_CONVERSION = YES;
				CLANG_WARN_OBJC_ROOT_CLASS = YES_ERROR;
				CLANG_WARN_UNREACHABLE_CODE = YES;
				CLANG_WARN__DUPLICATE_METHOD_MATCH = YES;
				"CODE_SIGN_IDENTITY[sdk=iphoneos*]" = "iPhone Developer";
				COPY_PHASE_STRIP = NO;
				DEBUG_INFORMATION_FORMAT = dwarf;
				ENABLE_STRICT_OBJC_MSGSEND = YES;
				ENABLE_TESTABILITY = YES;
				GCC_C_LANGUAGE_STANDARD = gnu99;
				GCC_DYNAMIC_NO_PIC = NO;
				GCC_NO_COMMON_BLOCKS = YES;
				GCC_OPTIMIZATION_LEVEL = 0;
				GCC_PREPROCESSOR_DEFINITIONS = (
					"DEBUG=1",
					"$(inherited)",
				);
				GCC_WARN_64_TO_32_BIT_CONVERSION = YES;
				GCC_WARN_ABOUT_RETURN_TYPE = YES_ERROR;
				GCC_WARN_UNDECLARED_SELECTOR = YES;
				GCC_WARN_UNINITIALIZED_AUTOS = YES_AGGRESSIVE;
				GCC_WARN_UNUSED_FUNCTION = YES;
				GCC_WARN_UNUSED_VARIABLE = YES;
				IPHONEOS_DEPLOYMENT_TARGET = 9.3;
				MTL_ENABLE_DEBUG_INFO = YES;
				ONLY_ACTIVE_ARCH = YES;
				SDKROOT = iphoneos;
				SWIFT_OPTIMIZATION_LEVEL = "-Onone";
				TARGETED_DEVICE_FAMILY = "1,2";
			};
			name = Debug;
		};
		EC106B2F1CF3D806001F59D6 /* Release */ = {
			isa = XCBuildConfiguration;
			buildSettings = {
				ALWAYS_SEARCH_USER_PATHS = NO;
				CLANG_ANALYZER_NONNULL = YES;
				CLANG_CXX_LANGUAGE_STANDARD = "gnu++0x";
				CLANG_CXX_LIBRARY = "libc++";
				CLANG_ENABLE_MODULES = YES;
				CLANG_ENABLE_OBJC_ARC = YES;
				CLANG_WARN_BOOL_CONVERSION = YES;
				CLANG_WARN_CONSTANT_CONVERSION = YES;
				CLANG_WARN_DIRECT_OBJC_ISA_USAGE = YES_ERROR;
				CLANG_WARN_EMPTY_BODY = YES;
				CLANG_WARN_ENUM_CONVERSION = YES;
				CLANG_WARN_INT_CONVERSION = YES;
				CLANG_WARN_OBJC_ROOT_CLASS = YES_ERROR;
				CLANG_WARN_UNREACHABLE_CODE = YES;
				CLANG_WARN__DUPLICATE_METHOD_MATCH = YES;
				"CODE_SIGN_IDENTITY[sdk=iphoneos*]" = "iPhone Developer";
				COPY_PHASE_STRIP = NO;
				DEBUG_INFORMATION_FORMAT = "dwarf-with-dsym";
				ENABLE_NS_ASSERTIONS = NO;
				ENABLE_STRICT_OBJC_MSGSEND = YES;
				GCC_C_LANGUAGE_STANDARD = gnu99;
				GCC_NO_COMMON_BLOCKS = YES;
				GCC_WARN_64_TO_32_BIT_CONVERSION = YES;
				GCC_WARN_ABOUT_RETURN_TYPE = YES_ERROR;
				GCC_WARN_UNDECLARED_SELECTOR = YES;
				GCC_WARN_UNINITIALIZED_AUTOS = YES_AGGRESSIVE;
				GCC_WARN_UNUSED_FUNCTION = YES;
				GCC_WARN_UNUSED_VARIABLE = YES;
				IPHONEOS_DEPLOYMENT_TARGET = 9.3;
				MTL_ENABLE_DEBUG_INFO = NO;
				SDKROOT = iphoneos;
				TARGETED_DEVICE_FAMILY = "1,2";
				VALIDATE_PRODUCT = YES;
			};
			name = Release;
		};
		EC106B311CF3D806001F59D6 /* Debug */ = {
			isa = XCBuildConfiguration;
			buildSettings = {
				ASSETCATALOG_COMPILER_APPICON_NAME = AppIcon;
				CODE_SIGN_IDENTITY = "iPhone Developer";
				INFOPLIST_FILE = Trax/Info.plist;
				LD_RUNPATH_SEARCH_PATHS = "$(inherited) @executable_path/Frameworks";
				PRODUCT_BUNDLE_IDENTIFIER = edu.stanford.cs193p.teacher.Trax;
				PRODUCT_NAME = "$(TARGET_NAME)";
			};
			name = Debug;
		};
		EC106B321CF3D806001F59D6 /* Release */ = {
			isa = XCBuildConfiguration;
			buildSettings = {
				ASSETCATALOG_COMPILER_APPICON_NAME = AppIcon;
				CODE_SIGN_IDENTITY = "iPhone Developer";
				INFOPLIST_FILE = Trax/Info.plist;
				LD_RUNPATH_SEARCH_PATHS = "$(inherited) @executable_path/Frameworks";
				PRODUCT_BUNDLE_IDENTIFIER = edu.stanford.cs193p.teacher.Trax;
				PRODUCT_NAME = "$(TARGET_NAME)";
			};
			name = Release;
		};
/* End XCBuildConfiguration section */

/* Begin XCConfigurationList section */
		EC106B191CF3D806001F59D6 /* Build configuration list for PBXProject "Trax" */ = {
			isa = XCConfigurationList;
			buildConfigurations = (
				EC106B2E1CF3D806001F59D6 /* Debug */,
				EC106B2F1CF3D806001F59D6 /* Release */,
			);
			defaultConfigurationIsVisible = 0;
			defaultConfigurationName = Release;
		};
		EC106B301CF3D806001F59D6 /* Build configuration list for PBXNativeTarget "Trax" */ = {
			isa = XCConfigurationList;
			buildConfigurations = (
				EC106B311CF3D806001F59D6 /* Debug */,
				EC106B321CF3D806001F59D6 /* Release */,
			);
			defaultConfigurationIsVisible = 0;
			defaultConfigurationName = Release;
		};
/* End XCConfigurationList section */
	};
	rootObject = EC106B161CF3D806001F59D6 /* Project object */;
}
