// !$*UTF8*$!
{
	archiveVersion = 1;
	classes = {
	};
	objectVersion = 46;
	objects = {

/* Begin PBXBuildFile section */
		6C3C86AD1CD68D3000D24565 /* AppDelegate.swift in Sources */ = {isa = PBXBuildFile; fileRef = 6C3C86AC1CD68D3000D24565 /* AppDelegate.swift */; };
		6C3C86AF1CD68D3000D24565 /* ViewController.swift in Sources */ = {isa = PBXBuildFile; fileRef = 6C3C86AE1CD68D3000D24565 /* ViewController.swift */; };
		6C3C86B21CD68D3000D24565 /* Main.storyboard in Resources */ = {isa = PBXBuildFile; fileRef = 6C3C86B01CD68D3000D24565 /* Main.storyboard */; };
		6C3C86B41CD68D3000D24565 /* Assets.xcassets in Resources */ = {isa = PBXBuildFile; fileRef = 6C3C86B31CD68D3000D24565 /* Assets.xcassets */; };
		6C3C86B71CD68D3000D24565 /* LaunchScreen.storyboard in Resources */ = {isa = PBXBuildFile; fileRef = 6C3C86B51CD68D3000D24565 /* LaunchScreen.storyboard */; };
		6C3C86C01CD7FAF400D24565 /* CalculatorBrain.swift in Sources */ = {isa = PBXBuildFile; fileRef = 6C3C86BF1CD7FAF400D24565 /* CalculatorBrain.swift */; };
		6CCE47EB1CDE616F0019FBD2 /* RoundedButton.swift in Sources */ = {isa = PBXBuildFile; fileRef = 6CCE47EA1CDE616F0019FBD2 /* RoundedButton.swift */; };
/* End PBXBuildFile section */

/* Begin PBXFileReference section */
		6C3C86A91CD68D2F00D24565 /* Calculator.app */ = {isa = PBXFileReference; explicitFileType = wrapper.application; includeInIndex = 0; path = Calculator.app; sourceTree = BUILT_PRODUCTS_DIR; };
		6C3C86AC1CD68D3000D24565 /* AppDelegate.swift */ = {isa = PBXFileReference; lastKnownFileType = sourcecode.swift; path = AppDelegate.swift; sourceTree = "<group>"; };
		6C3C86AE1CD68D3000D24565 /* ViewController.swift */ = {isa = PBXFileReference; lastKnownFileType = sourcecode.swift; path = ViewController.swift; sourceTree = "<group>"; };
		6C3C86B11CD68D3000D24565 /* Base */ = {isa = PBXFileReference; lastKnownFileType = file.storyboard; name = Base; path = Base.lproj/Main.storyboard; sourceTree = "<group>"; };
		6C3C86B31CD68D3000D24565 /* Assets.xcassets */ = {isa = PBXFileReference; lastKnownFileType = folder.assetcatalog; path = Assets.xcassets; sourceTree = "<group>"; };
		6C3C86B61CD68D3000D24565 /* Base */ = {isa = PBXFileReference; lastKnownFileType = file.storyboard; name = Base; path = Base.lproj/LaunchScreen.storyboard; sourceTree = "<group>"; };
		6C3C86B81CD68D3000D24565 /* Info.plist */ = {isa = PBXFileReference; lastKnownFileType = text.plist.xml; path = Info.plist; sourceTree = "<group>"; };
		6C3C86BF1CD7FAF400D24565 /* CalculatorBrain.swift */ = {isa = PBXFileReference; fileEncoding = 4; lastKnownFileType = sourcecode.swift; path = CalculatorBrain.swift; sourceTree = "<group>"; };
		6CCE47EA1CDE616F0019FBD2 /* RoundedButton.swift */ = {isa = PBXFileReference; fileEncoding = 4; lastKnownFileType = sourcecode.swift; path = RoundedButton.swift; sourceTree = "<group>"; };
/* End PBXFileReference section */

/* Begin PBXFrameworksBuildPhase section */
		6C3C86A61CD68D2F00D24565 /* Frameworks */ = {
			isa = PBXFrameworksBuildPhase;
			buildActionMask = 2147483647;
			files = (
			);
			runOnlyForDeploymentPostprocessing = 0;
		};
/* End PBXFrameworksBuildPhase section */

/* Begin PBXGroup section */
		6C3C86A01CD68D2F00D24565 = {
			isa = PBXGroup;
			children = (
				6C3C86AB1CD68D2F00D24565 /* Calculator */,
				6C3C86BE1CD68D4000D24565 /* Supporting Files */,
				6C3C86AA1CD68D2F00D24565 /* Products */,
			);
			sourceTree = "<group>";
		};
		6C3C86AA1CD68D2F00D24565 /* Products */ = {
			isa = PBXGroup;
			children = (
				6C3C86A91CD68D2F00D24565 /* Calculator.app */,
			);
			name = Products;
			sourceTree = "<group>";
		};
		6C3C86AB1CD68D2F00D24565 /* Calculator */ = {
			isa = PBXGroup;
			children = (
				6C3C86AE1CD68D3000D24565 /* ViewController.swift */,
				6CCE47EA1CDE616F0019FBD2 /* RoundedButton.swift */,
				6C3C86B01CD68D3000D24565 /* Main.storyboard */,
				6C3C86BF1CD7FAF400D24565 /* CalculatorBrain.swift */,
			);
			path = Calculator;
			sourceTree = "<group>";
		};
		6C3C86BE1CD68D4000D24565 /* Supporting Files */ = {
			isa = PBXGroup;
			children = (
				6C3C86AC1CD68D3000D24565 /* AppDelegate.swift */,
				6C3C86B31CD68D3000D24565 /* Assets.xcassets */,
				6C3C86B51CD68D3000D24565 /* LaunchScreen.storyboard */,
				6C3C86B81CD68D3000D24565 /* Info.plist */,
			);
			name = "Supporting Files";
			path = Calculator;
			sourceTree = "<group>";
		};
/* End PBXGroup section */

/* Begin PBXNativeTarget section */
		6C3C86A81CD68D2F00D24565 /* Calculator */ = {
			isa = PBXNativeTarget;
			buildConfigurationList = 6C3C86BB1CD68D3000D24565 /* Build configuration list for PBXNativeTarget "Calculator" */;
			buildPhases = (
				6C3C86A51CD68D2F00D24565 /* Sources */,
				6C3C86A61CD68D2F00D24565 /* Frameworks */,
				6C3C86A71CD68D2F00D24565 /* Resources */,
			);
			buildRules = (
			);
			dependencies = (
			);
			name = Calculator;
			productName = Calculator;
			productReference = 6C3C86A91CD68D2F00D24565 /* Calculator.app */;
			productType = "com.apple.product-type.application";
		};
/* End PBXNativeTarget section */

/* Begin PBXProject section */
		6C3C86A11CD68D2F00D24565 /* Project object */ = {
			isa = PBXProject;
			attributes = {
				LastSwiftUpdateCheck = 0720;
				LastUpgradeCheck = 0720;
				ORGANIZATIONNAME = "Dulio Denis";
				TargetAttributes = {
					6C3C86A81CD68D2F00D24565 = {
						CreatedOnToolsVersion = 7.2;
					};
				};
			};
			buildConfigurationList = 6C3C86A41CD68D2F00D24565 /* Build configuration list for PBXProject "Calculator" */;
			compatibilityVersion = "Xcode 3.2";
			developmentRegion = English;
			hasScannedForEncodings = 0;
			knownRegions = (
				en,
				Base,
			);
			mainGroup = 6C3C86A01CD68D2F00D24565;
			productRefGroup = 6C3C86AA1CD68D2F00D24565 /* Products */;
			projectDirPath = "";
			projectRoot = "";
			targets = (
				6C3C86A81CD68D2F00D24565 /* Calculator */,
			);
		};
/* End PBXProject section */

/* Begin PBXResourcesBuildPhase section */
		6C3C86A71CD68D2F00D24565 /* Resources */ = {
			isa = PBXResourcesBuildPhase;
			buildActionMask = 2147483647;
			files = (
				6C3C86B71CD68D3000D24565 /* LaunchScreen.storyboard in Resources */,
				6C3C86B41CD68D3000D24565 /* Assets.xcassets in Resources */,
				6C3C86B21CD68D3000D24565 /* Main.storyboard in Resources */,
			);
			runOnlyForDeploymentPostprocessing = 0;
		};
/* End PBXResourcesBuildPhase section */

/* Begin PBXSourcesBuildPhase section */
		6C3C86A51CD68D2F00D24565 /* Sources */ = {
			isa = PBXSourcesBuildPhase;
			buildActionMask = 2147483647;
			files = (
				6C3C86C01CD7FAF400D24565 /* CalculatorBrain.swift in Sources */,
				6C3C86AF1CD68D3000D24565 /* ViewController.swift in Sources */,
				6C3C86AD1CD68D3000D24565 /* AppDelegate.swift in Sources */,
				6CCE47EB1CDE616F0019FBD2 /* RoundedButton.swift in Sources */,
			);
			runOnlyForDeploymentPostprocessing = 0;
		};
/* End PBXSourcesBuildPhase section */

/* Begin PBXVariantGroup section */
		6C3C86B01CD68D3000D24565 /* Main.storyboard */ = {
			isa = PBXVariantGroup;
			children = (
				6C3C86B11CD68D3000D24565 /* Base */,
			);
			name = Main.storyboard;
			sourceTree = "<group>";
		};
		6C3C86B51CD68D3000D24565 /* LaunchScreen.storyboard */ = {
			isa = PBXVariantGroup;
			children = (
				6C3C86B61CD68D3000D24565 /* Base */,
			);
			name = LaunchScreen.storyboard;
			sourceTree = "<group>";
		};
/* End PBXVariantGroup section */

/* Begin XCBuildConfiguration section */
		6C3C86B91CD68D3000D24565 /* Debug */ = {
			isa = XCBuildConfiguration;
			buildSettings = {
				ALWAYS_SEARCH_USER_PATHS = NO;
				CLANG_CXX_LANGUAGE_STANDARD = "gnu++0x";
				CLANG_CXX_LIBRARY = "libc++";
				CLANG_ENABLE_MODULES = YES;
				CLANG_ENABLE_OBJC_ARC = YES;
				CLANG_WARN_BOOL_CONVERSION = YES;
				CLANG_WARN_CONSTANT_CONVERSION = YES;
				CLANG_WARN_DIRECT_OBJC_ISA_USAGE = YES_ERROR;
				CLANG_WARN_EMPTY_BODY = YES;
				CLANG_WARN_ENUM_CONVERSION = YES;
				CLANG_WARN_INT_CONVERSION = YES;
				CLANG_WARN_OBJC_ROOT_CLASS = YES_ERROR;
				CLANG_WARN_UNREACHABLE_CODE = YES;
				CLANG_WARN__DUPLICATE_METHOD_MATCH = YES;
				"CODE_SIGN_IDENTITY[sdk=iphoneos*]" = "iPhone Developer";
				COPY_PHASE_STRIP = NO;
				DEBUG_INFORMATION_FORMAT = dwarf;
				ENABLE_STRICT_OBJC_MSGSEND = YES;
				ENABLE_TESTABILITY = YES;
				GCC_C_LANGUAGE_STANDARD = gnu99;
				GCC_DYNAMIC_NO_PIC = NO;
				GCC_NO_COMMON_BLOCKS = YES;
				GCC_OPTIMIZATION_LEVEL = 0;
				GCC_PREPROCESSOR_DEFINITIONS = (
					"DEBUG=1",
					"$(inherited)",
				);
				GCC_WARN_64_TO_32_BIT_CONVERSION = YES;
				GCC_WARN_ABOUT_RETURN_TYPE = YES_ERROR;
				GCC_WARN_UNDECLARED_SELECTOR = YES;
				GCC_WARN_UNINITIALIZED_AUTOS = YES_AGGRESSIVE;
				GCC_WARN_UNUSED_FUNCTION = YES;
				GCC_WARN_UNUSED_VARIABLE = YES;
				IPHONEOS_DEPLOYMENT_TARGET = 9.2;
				MTL_ENABLE_DEBUG_INFO = YES;
				ONLY_ACTIVE_ARCH = YES;
				SDKROOT = iphoneos;
				SWIFT_OPTIMIZATION_LEVEL = "-Onone";
				TARGETED_DEVICE_FAMILY = "1,2";
			};
			name = Debug;
		};
		6C3C86BA1CD68D3000D24565 /* Release */ = {
			isa = XCBuildConfiguration;
			buildSettings = {
				ALWAYS_SEARCH_USER_PATHS = NO;
				CLANG_CXX_LANGUAGE_STANDARD = "gnu++0x";
				CLANG_CXX_LIBRARY = "libc++";
				CLANG_ENABLE_MODULES = YES;
				CLANG_ENABLE_OBJC_ARC = YES;
				CLANG_WARN_BOOL_CONVERSION = YES;
				CLANG_WARN_CONSTANT_CONVERSION = YES;
				CLANG_WARN_DIRECT_OBJC_ISA_USAGE = YES_ERROR;
				CLANG_WARN_EMPTY_BODY = YES;
				CLANG_WARN_ENUM_CONVERSION = YES;
				CLANG_WARN_INT_CONVERSION = YES;
				CLANG_WARN_OBJC_ROOT_CLASS = YES_ERROR;
				CLANG_WARN_UNREACHABLE_CODE = YES;
				CLANG_WARN__DUPLICATE_METHOD_MATCH = YES;
				"CODE_SIGN_IDENTITY[sdk=iphoneos*]" = "iPhone Developer";
				COPY_PHASE_STRIP = NO;
				DEBUG_INFORMATION_FORMAT = "dwarf-with-dsym";
				ENABLE_NS_ASSERTIONS = NO;
				ENABLE_STRICT_OBJC_MSGSEND = YES;
				GCC_C_LANGUAGE_STANDARD = gnu99;
				GCC_NO_COMMON_BLOCKS = YES;
				GCC_WARN_64_TO_32_BIT_CONVERSION = YES;
				GCC_WARN_ABOUT_RETURN_TYPE = YES_ERROR;
				GCC_WARN_UNDECLARED_SELECTOR = YES;
				GCC_WARN_UNINITIALIZED_AUTOS = YES_AGGRESSIVE;
				GCC_WARN_UNUSED_FUNCTION = YES;
				GCC_WARN_UNUSED_VARIABLE = YES;
				IPHONEOS_DEPLOYMENT_TARGET = 9.2;
				MTL_ENABLE_DEBUG_INFO = NO;
				SDKROOT = iphoneos;
				TARGETED_DEVICE_FAMILY = "1,2";
				VALIDATE_PRODUCT = YES;
			};
			name = Release;
		};
		6C3C86BC1CD68D3000D24565 /* Debug */ = {
			isa = XCBuildConfiguration;
			buildSettings = {
				ASSETCATALOG_COMPILER_APPICON_NAME = AppIcon;
				INFOPLIST_FILE = Calculator/Info.plist;
				LD_RUNPATH_SEARCH_PATHS = "$(inherited) @executable_path/Frameworks";
				PRODUCT_BUNDLE_IDENTIFIER = co.ddapps.Calculator;
				PRODUCT_NAME = "$(TARGET_NAME)";
			};
			name = Debug;
		};
		6C3C86BD1CD68D3000D24565 /* Release */ = {
			isa = XCBuildConfiguration;
			buildSettings = {
				ASSETCATALOG_COMPILER_APPICON_NAME = AppIcon;
				INFOPLIST_FILE = Calculator/Info.plist;
				LD_RUNPATH_SEARCH_PATHS = "$(inherited) @executable_path/Frameworks";
				PRODUCT_BUNDLE_IDENTIFIER = co.ddapps.Calculator;
				PRODUCT_NAME = "$(TARGET_NAME)";
			};
			name = Release;
		};
/* End XCBuildConfiguration section */

/* Begin XCConfigurationList section */
		6C3C86A41CD68D2F00D24565 /* Build configuration list for PBXProject "Calculator" */ = {
			isa = XCConfigurationList;
			buildConfigurations = (
				6C3C86B91CD68D3000D24565 /* Debug */,
				6C3C86BA1CD68D3000D24565 /* Release */,
			);
			defaultConfigurationIsVisible = 0;
			defaultConfigurationName = Release;
		};
		6C3C86BB1CD68D3000D24565 /* Build configuration list for PBXNativeTarget "Calculator" */ = {
			isa = XCConfigurationList;
			buildConfigurations = (
				6C3C86BC1CD68D3000D24565 /* Debug */,
				6C3C86BD1CD68D3000D24565 /* Release */,
			);
			defaultConfigurationIsVisible = 0;
			defaultConfigurationName = Release;
		};
/* End XCConfigurationList section */
	};
	rootObject = 6C3C86A11CD68D2F00D24565 /* Project object */;
}
